
Microsoft Visual Studio Solution File, Format Version 12.00
# Visual Studio Version 16
VisualStudioVersion = 16.0.35731.53
MinimumVisualStudioVersion = 10.0.40219.1
Project("{FAE04EC0-301F-11D3-BF4B-00C04F79EFBC}") = "Asp_MVC_crud", "Asp_MVC_crud\Asp_MVC_crud.csproj", "{C6E8AC1C-3160-4BEA-8259-56A90DF13EFD}"
EndProject
Global
	GlobalSection(SolutionConfigurationPlatforms) = preSolution
		Debug|Any CPU = Debug|Any CPU
		Release|Any CPU = Release|Any CPU
	EndGlobalSection
	GlobalSection(ProjectConfigurationPlatforms) = postSolution
		{C6E8AC1C-3160-4BEA-8259-56A90DF13EFD}.Debug|Any CPU.ActiveCfg = Debug|Any CPU
		{C6E8AC1C-3160-4BEA-8259-56A90DF13EFD}.Debug|Any CPU.Build.0 = Debug|Any CPU
		{C6E8AC1C-3160-4BEA-8259-56A90DF13EFD}.Release|Any CPU.ActiveCfg = Release|Any CPU
		{C6E8AC1C-3160-4BEA-8259-56A90DF13EFD}.Release|Any CPU.Build.0 = Release|Any CPU
	EndGlobalSection
	GlobalSection(SolutionProperties) = preSolution
		HideSolutionNode = FALSE
	EndGlobalSection
	GlobalSection(ExtensibilityGlobals) = postSolution
		SolutionGuid = {8AFD8ADE-523E-4DD3-93C2-C8769B082BA4}
	EndGlobalSection
EndGlobal
